
Microsoft Visual Studio Solution File, Format Version 12.00
# Visual Studio Version 17
VisualStudioVersion = 17.4.33205.214
MinimumVisualStudioVersion = 10.0.40219.1
Project("{FAE04EC0-301F-11D3-BF4B-00C04F79EFBC}") = "TablerIcons", "TablerIcons\TablerIcons.csproj", "{C8425CE5-EA26-48BE-A66D-D73BC8023D16}"
EndProject
Global
	GlobalSection(SolutionConfigurationPlatforms) = preSolution
		Debug|Any CPU = Debug|Any CPU
		Release|Any CPU = Release|Any CPU
	EndGlobalSection
	GlobalSection(ProjectConfigurationPlatforms) = postSolution
		{C8425CE5-EA26-48BE-A66D-D73BC8023D16}.Debug|Any CPU.ActiveCfg = Debug|Any CPU
		{C8425CE5-EA26-48BE-A66D-D73BC8023D16}.Debug|Any CPU.Build.0 = Debug|Any CPU
		{C8425CE5-EA26-48BE-A66D-D73BC8023D16}.Release|Any CPU.ActiveCfg = Release|Any CPU
		{C8425CE5-EA26-48BE-A66D-D73BC8023D16}.Release|Any CPU.Build.0 = Release|Any CPU
	EndGlobalSection
	GlobalSection(SolutionProperties) = preSolution
		HideSolutionNode = FALSE
	EndGlobalSection
	GlobalSection(ExtensibilityGlobals) = postSolution
		SolutionGuid = {3632D002-0F75-4E54-8DBF-CEC2AC0D780A}
	EndGlobalSection
EndGlobal
